
Microsoft Visual Studio Solution File, Format Version 12.00
# Visual Studio Version 16
VisualStudioVersion = 16.0.30517.126
MinimumVisualStudioVersion = 10.0.40219.1
Project("{FAE04EC0-301F-11D3-BF4B-00C04F79EFBC}") = "CSharpCourse", "CSharpCourse\CSharpCourse.csproj", "{4FAD1613-D2CA-4791-826E-52684552FFBC}"
EndProject
Global
	GlobalSection(SolutionConfigurationPlatforms) = preSolution
		Debug|Any CPU = Debug|Any CPU
		Release|Any CPU = Release|Any CPU
	EndGlobalSection
	GlobalSection(ProjectConfigurationPlatforms) = postSolution
		{4FAD1613-D2CA-4791-826E-52684552FFBC}.Debug|Any CPU.ActiveCfg = Debug|Any CPU
		{4FAD1613-D2CA-4791-826E-52684552FFBC}.Debug|Any CPU.Build.0 = Debug|Any CPU
		{4FAD1613-D2CA-4791-826E-52684552FFBC}.Release|Any CPU.ActiveCfg = Release|Any CPU
		{4FAD1613-D2CA-4791-826E-52684552FFBC}.Release|Any CPU.Build.0 = Release|Any CPU
	EndGlobalSection
	GlobalSection(SolutionProperties) = preSolution
		HideSolutionNode = FALSE
	EndGlobalSection
	GlobalSection(ExtensibilityGlobals) = postSolution
		SolutionGuid = {BD15C204-56C8-4DCF-9FC8-48883AC0A141}
	EndGlobalSection
EndGlobal
